// !$*UTF8*$!
{
	archiveVersion = 1;
	classes = {
	};
	objectVersion = 56;
	objects = {

/* Begin PBXBuildFile section */
		D6DC30912C5B511B00068383 /* AppDelegate.swift in Sources */ = {isa = PBXBuildFile; fileRef = D6DC30902C5B511B00068383 /* AppDelegate.swift */; };
		D6DC30932C5B511B00068383 /* SceneDelegate.swift in Sources */ = {isa = PBXBuildFile; fileRef = D6DC30922C5B511B00068383 /* SceneDelegate.swift */; };
		D6DC30952C5B511B00068383 /* SearchViewController.swift in Sources */ = {isa = PBXBuildFile; fileRef = D6DC30942C5B511B00068383 /* SearchViewController.swift */; };
		D6DC30982C5B511B00068383 /* BookSearch.xcdatamodeld in Sources */ = {isa = PBXBuildFile; fileRef = D6DC30962C5B511B00068383 /* BookSearch.xcdatamodeld */; };
		D6DC309A2C5B511C00068383 /* Assets.xcassets in Resources */ = {isa = PBXBuildFile; fileRef = D6DC30992C5B511C00068383 /* Assets.xcassets */; };
		D6DC309D2C5B511C00068383 /* Base in Resources */ = {isa = PBXBuildFile; fileRef = D6DC309C2C5B511C00068383 /* Base */; };
		D6DC30A82C5B511C00068383 /* BookSearchTests.swift in Sources */ = {isa = PBXBuildFile; fileRef = D6DC30A72C5B511C00068383 /* BookSearchTests.swift */; };
		D6DC30B22C5B511C00068383 /* BookSearchUITests.swift in Sources */ = {isa = PBXBuildFile; fileRef = D6DC30B12C5B511C00068383 /* BookSearchUITests.swift */; };
		D6DC30B42C5B511C00068383 /* BookSearchUITestsLaunchTests.swift in Sources */ = {isa = PBXBuildFile; fileRef = D6DC30B32C5B511C00068383 /* BookSearchUITestsLaunchTests.swift */; };
		D6DC30C62C5B54AB00068383 /* CartViewController.swift in Sources */ = {isa = PBXBuildFile; fileRef = D6DC30C52C5B54AB00068383 /* CartViewController.swift */; };
		D6DC30C82C5B54CA00068383 /* BookInfoViewController.swift in Sources */ = {isa = PBXBuildFile; fileRef = D6DC30C72C5B54CA00068383 /* BookInfoViewController.swift */; };
		D6DC30CD2C5B7B8700068383 /* BookListCell.swift in Sources */ = {isa = PBXBuildFile; fileRef = D6DC30CC2C5B7B8700068383 /* BookListCell.swift */; };
		D6DC30D02C5B8F7900068383 /* BookModel.swift in Sources */ = {isa = PBXBuildFile; fileRef = D6DC30CF2C5B8F7900068383 /* BookModel.swift */; };
		D6DC30D72C5BAC4700068383 /* CollectionHeaderView.swift in Sources */ = {isa = PBXBuildFile; fileRef = D6DC30D62C5BAC4700068383 /* CollectionHeaderView.swift */; };
/* End PBXBuildFile section */

/* Begin PBXContainerItemProxy section */
		D6DC30A42C5B511C00068383 /* PBXContainerItemProxy */ = {
			isa = PBXContainerItemProxy;
			containerPortal = D6DC30852C5B511B00068383 /* Project object */;
			proxyType = 1;
			remoteGlobalIDString = D6DC308C2C5B511B00068383;
			remoteInfo = BookSearch;
		};
		D6DC30AE2C5B511C00068383 /* PBXContainerItemProxy */ = {
			isa = PBXContainerItemProxy;
			containerPortal = D6DC30852C5B511B00068383 /* Project object */;
			proxyType = 1;
			remoteGlobalIDString = D6DC308C2C5B511B00068383;
			remoteInfo = BookSearch;
		};
/* End PBXContainerItemProxy section */

/* Begin PBXFileReference section */
		D6DC308D2C5B511B00068383 /* BookSearch.app */ = {isa = PBXFileReference; explicitFileType = wrapper.application; includeInIndex = 0; path = BookSearch.app; sourceTree = BUILT_PRODUCTS_DIR; };
		D6DC30902C5B511B00068383 /* AppDelegate.swift */ = {isa = PBXFileReference; lastKnownFileType = sourcecode.swift; path = AppDelegate.swift; sourceTree = "<group>"; };
		D6DC30922C5B511B00068383 /* SceneDelegate.swift */ = {isa = PBXFileReference; lastKnownFileType = sourcecode.swift; path = SceneDelegate.swift; sourceTree = "<group>"; };
		D6DC30942C5B511B00068383 /* SearchViewController.swift */ = {isa = PBXFileReference; lastKnownFileType = sourcecode.swift; path = SearchViewController.swift; sourceTree = "<group>"; };
		D6DC30972C5B511B00068383 /* BookSearch.xcdatamodel */ = {isa = PBXFileReference; lastKnownFileType = wrapper.xcdatamodel; path = BookSearch.xcdatamodel; sourceTree = "<group>"; };
		D6DC30992C5B511C00068383 /* Assets.xcassets */ = {isa = PBXFileReference; lastKnownFileType = folder.assetcatalog; path = Assets.xcassets; sourceTree = "<group>"; };
		D6DC309C2C5B511C00068383 /* Base */ = {isa = PBXFileReference; lastKnownFileType = file.storyboard; name = Base; path = Base.lproj/LaunchScreen.storyboard; sourceTree = "<group>"; };
		D6DC309E2C5B511C00068383 /* Info.plist */ = {isa = PBXFileReference; lastKnownFileType = text.plist.xml; path = Info.plist; sourceTree = "<group>"; };
		D6DC30A32C5B511C00068383 /* BookSearchTests.xctest */ = {isa = PBXFileReference; explicitFileType = wrapper.cfbundle; includeInIndex = 0; path = BookSearchTests.xctest; sourceTree = BUILT_PRODUCTS_DIR; };
		D6DC30A72C5B511C00068383 /* BookSearchTests.swift */ = {isa = PBXFileReference; lastKnownFileType = sourcecode.swift; path = BookSearchTests.swift; sourceTree = "<group>"; };
		D6DC30AD2C5B511C00068383 /* BookSearchUITests.xctest */ = {isa = PBXFileReference; explicitFileType = wrapper.cfbundle; includeInIndex = 0; path = BookSearchUITests.xctest; sourceTree = BUILT_PRODUCTS_DIR; };
		D6DC30B12C5B511C00068383 /* BookSearchUITests.swift */ = {isa = PBXFileReference; lastKnownFileType = sourcecode.swift; path = BookSearchUITests.swift; sourceTree = "<group>"; };
		D6DC30B32C5B511C00068383 /* BookSearchUITestsLaunchTests.swift */ = {isa = PBXFileReference; lastKnownFileType = sourcecode.swift; path = BookSearchUITestsLaunchTests.swift; sourceTree = "<group>"; };
		D6DC30C52C5B54AB00068383 /* CartViewController.swift */ = {isa = PBXFileReference; lastKnownFileType = sourcecode.swift; path = CartViewController.swift; sourceTree = "<group>"; };
		D6DC30C72C5B54CA00068383 /* BookInfoViewController.swift */ = {isa = PBXFileReference; lastKnownFileType = sourcecode.swift; path = BookInfoViewController.swift; sourceTree = "<group>"; };
		D6DC30CC2C5B7B8700068383 /* BookListCell.swift */ = {isa = PBXFileReference; lastKnownFileType = sourcecode.swift; path = BookListCell.swift; sourceTree = "<group>"; };
		D6DC30CF2C5B8F7900068383 /* BookModel.swift */ = {isa = PBXFileReference; lastKnownFileType = sourcecode.swift; path = BookModel.swift; sourceTree = "<group>"; };
		D6DC30D62C5BAC4700068383 /* CollectionHeaderView.swift */ = {isa = PBXFileReference; lastKnownFileType = sourcecode.swift; path = CollectionHeaderView.swift; sourceTree = "<group>"; };
/* End PBXFileReference section */

/* Begin PBXFrameworksBuildPhase section */
		D6DC308A2C5B511B00068383 /* Frameworks */ = {
			isa = PBXFrameworksBuildPhase;
			buildActionMask = 2147483647;
			files = (
			);
			runOnlyForDeploymentPostprocessing = 0;
		};
		D6DC30A02C5B511C00068383 /* Frameworks */ = {
			isa = PBXFrameworksBuildPhase;
			buildActionMask = 2147483647;
			files = (
			);
			runOnlyForDeploymentPostprocessing = 0;
		};
		D6DC30AA2C5B511C00068383 /* Frameworks */ = {
			isa = PBXFrameworksBuildPhase;
			buildActionMask = 2147483647;
			files = (
			);
			runOnlyForDeploymentPostprocessing = 0;
		};
/* End PBXFrameworksBuildPhase section */

/* Begin PBXGroup section */
		D6DC30842C5B511B00068383 = {
			isa = PBXGroup;
			children = (
				D6DC30C32C5B547A00068383 /* Model */,
				D6DC308F2C5B511B00068383 /* BookSearch */,
				D6DC30A62C5B511C00068383 /* BookSearchTests */,
				D6DC30B02C5B511C00068383 /* BookSearchUITests */,
				D6DC308E2C5B511B00068383 /* Products */,
			);
			sourceTree = "<group>";
		};
		D6DC308E2C5B511B00068383 /* Products */ = {
			isa = PBXGroup;
			children = (
				D6DC308D2C5B511B00068383 /* BookSearch.app */,
				D6DC30A32C5B511C00068383 /* BookSearchTests.xctest */,
				D6DC30AD2C5B511C00068383 /* BookSearchUITests.xctest */,
			);
			name = Products;
			sourceTree = "<group>";
		};
		D6DC308F2C5B511B00068383 /* BookSearch */ = {
			isa = PBXGroup;
			children = (
				D6DC30C42C5B548E00068383 /* VC */,
				D6DC30CB2C5B7B7100068383 /* View */,
				D6DC30902C5B511B00068383 /* AppDelegate.swift */,
				D6DC30922C5B511B00068383 /* SceneDelegate.swift */,
				D6DC30992C5B511C00068383 /* Assets.xcassets */,
				D6DC309B2C5B511C00068383 /* LaunchScreen.storyboard */,
				D6DC309E2C5B511C00068383 /* Info.plist */,
				D6DC30962C5B511B00068383 /* BookSearch.xcdatamodeld */,
			);
			path = BookSearch;
			sourceTree = "<group>";
		};
		D6DC30A62C5B511C00068383 /* BookSearchTests */ = {
			isa = PBXGroup;
			children = (
				D6DC30A72C5B511C00068383 /* BookSearchTests.swift */,
			);
			path = BookSearchTests;
			sourceTree = "<group>";
		};
		D6DC30B02C5B511C00068383 /* BookSearchUITests */ = {
			isa = PBXGroup;
			children = (
				D6DC30B12C5B511C00068383 /* BookSearchUITests.swift */,
				D6DC30B32C5B511C00068383 /* BookSearchUITestsLaunchTests.swift */,
			);
			path = BookSearchUITests;
			sourceTree = "<group>";
		};
		D6DC30C32C5B547A00068383 /* Model */ = {
			isa = PBXGroup;
			children = (
				D6DC30CF2C5B8F7900068383 /* BookModel.swift */,
			);
			path = Model;
			sourceTree = "<group>";
		};
		D6DC30C42C5B548E00068383 /* VC */ = {
			isa = PBXGroup;
			children = (
				D6DC30942C5B511B00068383 /* SearchViewController.swift */,
				D6DC30C72C5B54CA00068383 /* BookInfoViewController.swift */,
				D6DC30C52C5B54AB00068383 /* CartViewController.swift */,
			);
			path = VC;
			sourceTree = "<group>";
		};
		D6DC30CB2C5B7B7100068383 /* View */ = {
			isa = PBXGroup;
			children = (
				D6DC30CC2C5B7B8700068383 /* BookListCell.swift */,
				D6DC30D62C5BAC4700068383 /* CollectionHeaderView.swift */,
			);
			path = View;
			sourceTree = "<group>";
		};
/* End PBXGroup section */

/* Begin PBXNativeTarget section */
		D6DC308C2C5B511B00068383 /* BookSearch */ = {
			isa = PBXNativeTarget;
			buildConfigurationList = D6DC30B72C5B511C00068383 /* Build configuration list for PBXNativeTarget "BookSearch" */;
			buildPhases = (
				D6DC30892C5B511B00068383 /* Sources */,
				D6DC308A2C5B511B00068383 /* Frameworks */,
				D6DC308B2C5B511B00068383 /* Resources */,
			);
			buildRules = (
			);
			dependencies = (
			);
			name = BookSearch;
			productName = BookSearch;
			productReference = D6DC308D2C5B511B00068383 /* BookSearch.app */;
			productType = "com.apple.product-type.application";
		};
		D6DC30A22C5B511C00068383 /* BookSearchTests */ = {
			isa = PBXNativeTarget;
			buildConfigurationList = D6DC30BA2C5B511C00068383 /* Build configuration list for PBXNativeTarget "BookSearchTests" */;
			buildPhases = (
				D6DC309F2C5B511C00068383 /* Sources */,
				D6DC30A02C5B511C00068383 /* Frameworks */,
				D6DC30A12C5B511C00068383 /* Resources */,
			);
			buildRules = (
			);
			dependencies = (
				D6DC30A52C5B511C00068383 /* PBXTargetDependency */,
			);
			name = BookSearchTests;
			productName = BookSearchTests;
			productReference = D6DC30A32C5B511C00068383 /* BookSearchTests.xctest */;
			productType = "com.apple.product-type.bundle.unit-test";
		};
		D6DC30AC2C5B511C00068383 /* BookSearchUITests */ = {
			isa = PBXNativeTarget;
			buildConfigurationList = D6DC30BD2C5B511C00068383 /* Build configuration list for PBXNativeTarget "BookSearchUITests" */;
			buildPhases = (
				D6DC30A92C5B511C00068383 /* Sources */,
				D6DC30AA2C5B511C00068383 /* Frameworks */,
				D6DC30AB2C5B511C00068383 /* Resources */,
			);
			buildRules = (
			);
			dependencies = (
				D6DC30AF2C5B511C00068383 /* PBXTargetDependency */,
			);
			name = BookSearchUITests;
			productName = BookSearchUITests;
			productReference = D6DC30AD2C5B511C00068383 /* BookSearchUITests.xctest */;
			productType = "com.apple.product-type.bundle.ui-testing";
		};
/* End PBXNativeTarget section */

/* Begin PBXProject section */
		D6DC30852C5B511B00068383 /* Project object */ = {
			isa = PBXProject;
			attributes = {
				BuildIndependentTargetsInParallel = 1;
				LastSwiftUpdateCheck = 1540;
				LastUpgradeCheck = 1540;
				TargetAttributes = {
					D6DC308C2C5B511B00068383 = {
						CreatedOnToolsVersion = 15.4;
					};
					D6DC30A22C5B511C00068383 = {
						CreatedOnToolsVersion = 15.4;
						TestTargetID = D6DC308C2C5B511B00068383;
					};
					D6DC30AC2C5B511C00068383 = {
						CreatedOnToolsVersion = 15.4;
						TestTargetID = D6DC308C2C5B511B00068383;
					};
				};
			};
			buildConfigurationList = D6DC30882C5B511B00068383 /* Build configuration list for PBXProject "BookSearch" */;
			compatibilityVersion = "Xcode 14.0";
			developmentRegion = en;
			hasScannedForEncodings = 0;
			knownRegions = (
				en,
				Base,
			);
			mainGroup = D6DC30842C5B511B00068383;
			productRefGroup = D6DC308E2C5B511B00068383 /* Products */;
			projectDirPath = "";
			projectRoot = "";
			targets = (
				D6DC308C2C5B511B00068383 /* BookSearch */,
				D6DC30A22C5B511C00068383 /* BookSearchTests */,
				D6DC30AC2C5B511C00068383 /* BookSearchUITests */,
			);
		};
/* End PBXProject section */

/* Begin PBXResourcesBuildPhase section */
		D6DC308B2C5B511B00068383 /* Resources */ = {
			isa = PBXResourcesBuildPhase;
			buildActionMask = 2147483647;
			files = (
				D6DC309A2C5B511C00068383 /* Assets.xcassets in Resources */,
				D6DC309D2C5B511C00068383 /* Base in Resources */,
			);
			runOnlyForDeploymentPostprocessing = 0;
		};
		D6DC30A12C5B511C00068383 /* Resources */ = {
			isa = PBXResourcesBuildPhase;
			buildActionMask = 2147483647;
			files = (
			);
			runOnlyForDeploymentPostprocessing = 0;
		};
		D6DC30AB2C5B511C00068383 /* Resources */ = {
			isa = PBXResourcesBuildPhase;
			buildActionMask = 2147483647;
			files = (
			);
			runOnlyForDeploymentPostprocessing = 0;
		};
/* End PBXResourcesBuildPhase section */

/* Begin PBXSourcesBuildPhase section */
		D6DC30892C5B511B00068383 /* Sources */ = {
			isa = PBXSourcesBuildPhase;
			buildActionMask = 2147483647;
			files = (
				D6DC30D72C5BAC4700068383 /* CollectionHeaderView.swift in Sources */,
				D6DC30C82C5B54CA00068383 /* BookInfoViewController.swift in Sources */,
				D6DC30982C5B511B00068383 /* BookSearch.xcdatamodeld in Sources */,
				D6DC30952C5B511B00068383 /* SearchViewController.swift in Sources */,
				D6DC30D02C5B8F7900068383 /* BookModel.swift in Sources */,
				D6DC30C62C5B54AB00068383 /* CartViewController.swift in Sources */,
				D6DC30CD2C5B7B8700068383 /* BookListCell.swift in Sources */,
				D6DC30912C5B511B00068383 /* AppDelegate.swift in Sources */,
				D6DC30932C5B511B00068383 /* SceneDelegate.swift in Sources */,
			);
			runOnlyForDeploymentPostprocessing = 0;
		};
		D6DC309F2C5B511C00068383 /* Sources */ = {
			isa = PBXSourcesBuildPhase;
			buildActionMask = 2147483647;
			files = (
				D6DC30A82C5B511C00068383 /* BookSearchTests.swift in Sources */,
			);
			runOnlyForDeploymentPostprocessing = 0;
		};
		D6DC30A92C5B511C00068383 /* Sources */ = {
			isa = PBXSourcesBuildPhase;
			buildActionMask = 2147483647;
			files = (
				D6DC30B22C5B511C00068383 /* BookSearchUITests.swift in Sources */,
				D6DC30B42C5B511C00068383 /* BookSearchUITestsLaunchTests.swift in Sources */,
			);
			runOnlyForDeploymentPostprocessing = 0;
		};
/* End PBXSourcesBuildPhase section */

/* Begin PBXTargetDependency section */
		D6DC30A52C5B511C00068383 /* PBXTargetDependency */ = {
			isa = PBXTargetDependency;
			target = D6DC308C2C5B511B00068383 /* BookSearch */;
			targetProxy = D6DC30A42C5B511C00068383 /* PBXContainerItemProxy */;
		};
		D6DC30AF2C5B511C00068383 /* PBXTargetDependency */ = {
			isa = PBXTargetDependency;
			target = D6DC308C2C5B511B00068383 /* BookSearch */;
			targetProxy = D6DC30AE2C5B511C00068383 /* PBXContainerItemProxy */;
		};
/* End PBXTargetDependency section */

/* Begin PBXVariantGroup section */
		D6DC309B2C5B511C00068383 /* LaunchScreen.storyboard */ = {
			isa = PBXVariantGroup;
			children = (
				D6DC309C2C5B511C00068383 /* Base */,
			);
			name = LaunchScreen.storyboard;
			sourceTree = "<group>";
		};
/* End PBXVariantGroup section */

/* Begin XCBuildConfiguration section */
		D6DC30B52C5B511C00068383 /* Debug */ = {
			isa = XCBuildConfiguration;
			buildSettings = {
				ALWAYS_SEARCH_USER_PATHS = NO;
				ASSETCATALOG_COMPILER_GENERATE_SWIFT_ASSET_SYMBOL_EXTENSIONS = YES;
				CLANG_ANALYZER_NONNULL = YES;
				CLANG_ANALYZER_NUMBER_OBJECT_CONVERSION = YES_AGGRESSIVE;
				CLANG_CXX_LANGUAGE_STANDARD = "gnu++20";
				CLANG_ENABLE_MODULES = YES;
				CLANG_ENABLE_OBJC_ARC = YES;
				CLANG_ENABLE_OBJC_WEAK = YES;
				CLANG_WARN_BLOCK_CAPTURE_AUTORELEASING = YES;
				CLANG_WARN_BOOL_CONVERSION = YES;
				CLANG_WARN_COMMA = YES;
				CLANG_WARN_CONSTANT_CONVERSION = YES;
				CLANG_WARN_DEPRECATED_OBJC_IMPLEMENTATIONS = YES;
				CLANG_WARN_DIRECT_OBJC_ISA_USAGE = YES_ERROR;
				CLANG_WARN_DOCUMENTATION_COMMENTS = YES;
				CLANG_WARN_EMPTY_BODY = YES;
				CLANG_WARN_ENUM_CONVERSION = YES;
				CLANG_WARN_INFINITE_RECURSION = YES;
				CLANG_WARN_INT_CONVERSION = YES;
				CLANG_WARN_NON_LITERAL_NULL_CONVERSION = YES;
				CLANG_WARN_OBJC_IMPLICIT_RETAIN_SELF = YES;
				CLANG_WARN_OBJC_LITERAL_CONVERSION = YES;
				CLANG_WARN_OBJC_ROOT_CLASS = YES_ERROR;
				CLANG_WARN_QUOTED_INCLUDE_IN_FRAMEWORK_HEADER = YES;
				CLANG_WARN_RANGE_LOOP_ANALYSIS = YES;
				CLANG_WARN_STRICT_PROTOTYPES = YES;
				CLANG_WARN_SUSPICIOUS_MOVE = YES;
				CLANG_WARN_UNGUARDED_AVAILABILITY = YES_AGGRESSIVE;
				CLANG_WARN_UNREACHABLE_CODE = YES;
				CLANG_WARN__DUPLICATE_METHOD_MATCH = YES;
				COPY_PHASE_STRIP = NO;
				DEBUG_INFORMATION_FORMAT = dwarf;
				ENABLE_STRICT_OBJC_MSGSEND = YES;
				ENABLE_TESTABILITY = YES;
				ENABLE_USER_SCRIPT_SANDBOXING = YES;
				GCC_C_LANGUAGE_STANDARD = gnu17;
				GCC_DYNAMIC_NO_PIC = NO;
				GCC_NO_COMMON_BLOCKS = YES;
				GCC_OPTIMIZATION_LEVEL = 0;
				GCC_PREPROCESSOR_DEFINITIONS = (
					"DEBUG=1",
					"$(inherited)",
				);
				GCC_WARN_64_TO_32_BIT_CONVERSION = YES;
				GCC_WARN_ABOUT_RETURN_TYPE = YES_ERROR;
				GCC_WARN_UNDECLARED_SELECTOR = YES;
				GCC_WARN_UNINITIALIZED_AUTOS = YES_AGGRESSIVE;
				GCC_WARN_UNUSED_FUNCTION = YES;
				GCC_WARN_UNUSED_VARIABLE = YES;
				IPHONEOS_DEPLOYMENT_TARGET = 17.5;
				LOCALIZATION_PREFERS_STRING_CATALOGS = YES;
				MTL_ENABLE_DEBUG_INFO = INCLUDE_SOURCE;
				MTL_FAST_MATH = YES;
				ONLY_ACTIVE_ARCH = YES;
				SDKROOT = iphoneos;
				SWIFT_ACTIVE_COMPILATION_CONDITIONS = "DEBUG $(inherited)";
				SWIFT_OPTIMIZATION_LEVEL = "-Onone";
			};
			name = Debug;
		};
		D6DC30B62C5B511C00068383 /* Release */ = {
			isa = XCBuildConfiguration;
			buildSettings = {
				ALWAYS_SEARCH_USER_PATHS = NO;
				ASSETCATALOG_COMPILER_GENERATE_SWIFT_ASSET_SYMBOL_EXTENSIONS = YES;
				CLANG_ANALYZER_NONNULL = YES;
				CLANG_ANALYZER_NUMBER_OBJECT_CONVERSION = YES_AGGRESSIVE;
				CLANG_CXX_LANGUAGE_STANDARD = "gnu++20";
				CLANG_ENABLE_MODULES = YES;
				CLANG_ENABLE_OBJC_ARC = YES;
				CLANG_ENABLE_OBJC_WEAK = YES;
				CLANG_WARN_BLOCK_CAPTURE_AUTORELEASING = YES;
				CLANG_WARN_BOOL_CONVERSION = YES;
				CLANG_WARN_COMMA = YES;
				CLANG_WARN_CONSTANT_CONVERSION = YES;
				CLANG_WARN_DEPRECATED_OBJC_IMPLEMENTATIONS = YES;
				CLANG_WARN_DIRECT_OBJC_ISA_USAGE = YES_ERROR;
				CLANG_WARN_DOCUMENTATION_COMMENTS = YES;
				CLANG_WARN_EMPTY_BODY = YES;
				CLANG_WARN_ENUM_CONVERSION = YES;
				CLANG_WARN_INFINITE_RECURSION = YES;
				CLANG_WARN_INT_CONVERSION = YES;
				CLANG_WARN_NON_LITERAL_NULL_CONVERSION = YES;
				CLANG_WARN_OBJC_IMPLICIT_RETAIN_SELF = YES;
				CLANG_WARN_OBJC_LITERAL_CONVERSION = YES;
				CLANG_WARN_OBJC_ROOT_CLASS = YES_ERROR;
				CLANG_WARN_QUOTED_INCLUDE_IN_FRAMEWORK_HEADER = YES;
				CLANG_WARN_RANGE_LOOP_ANALYSIS = YES;
				CLANG_WARN_STRICT_PROTOTYPES = YES;
				CLANG_WARN_SUSPICIOUS_MOVE = YES;
				CLANG_WARN_UNGUARDED_AVAILABILITY = YES_AGGRESSIVE;
				CLANG_WARN_UNREACHABLE_CODE = YES;
				CLANG_WARN__DUPLICATE_METHOD_MATCH = YES;
				COPY_PHASE_STRIP = NO;
				DEBUG_INFORMATION_FORMAT = "dwarf-with-dsym";
				ENABLE_NS_ASSERTIONS = NO;
				ENABLE_STRICT_OBJC_MSGSEND = YES;
				ENABLE_USER_SCRIPT_SANDBOXING = YES;
				GCC_C_LANGUAGE_STANDARD = gnu17;
				GCC_NO_COMMON_BLOCKS = YES;
				GCC_WARN_64_TO_32_BIT_CONVERSION = YES;
				GCC_WARN_ABOUT_RETURN_TYPE = YES_ERROR;
				GCC_WARN_UNDECLARED_SELECTOR = YES;
				GCC_WARN_UNINITIALIZED_AUTOS = YES_AGGRESSIVE;
				GCC_WARN_UNUSED_FUNCTION = YES;
				GCC_WARN_UNUSED_VARIABLE = YES;
				IPHONEOS_DEPLOYMENT_TARGET = 17.5;
				LOCALIZATION_PREFERS_STRING_CATALOGS = YES;
				MTL_ENABLE_DEBUG_INFO = NO;
				MTL_FAST_MATH = YES;
				SDKROOT = iphoneos;
				SWIFT_COMPILATION_MODE = wholemodule;
				VALIDATE_PRODUCT = YES;
			};
			name = Release;
		};
		D6DC30B82C5B511C00068383 /* Debug */ = {
			isa = XCBuildConfiguration;
			buildSettings = {
				ASSETCATALOG_COMPILER_APPICON_NAME = AppIcon;
				ASSETCATALOG_COMPILER_GLOBAL_ACCENT_COLOR_NAME = AccentColor;
				CODE_SIGN_STYLE = Automatic;
				CURRENT_PROJECT_VERSION = 1;
				DEVELOPMENT_TEAM = X88BZ99FPA;
				GENERATE_INFOPLIST_FILE = YES;
				INFOPLIST_FILE = BookSearch/Info.plist;
				INFOPLIST_KEY_UIApplicationSupportsIndirectInputEvents = YES;
				INFOPLIST_KEY_UILaunchStoryboardName = LaunchScreen;
				INFOPLIST_KEY_UISupportedInterfaceOrientations_iPad = "UIInterfaceOrientationPortrait UIInterfaceOrientationPortraitUpsideDown UIInterfaceOrientationLandscapeLeft UIInterfaceOrientationLandscapeRight";
				INFOPLIST_KEY_UISupportedInterfaceOrientations_iPhone = "UIInterfaceOrientationPortrait UIInterfaceOrientationLandscapeLeft UIInterfaceOrientationLandscapeRight";
				LD_RUNPATH_SEARCH_PATHS = (
					"$(inherited)",
					"@executable_path/Frameworks",
				);
				MARKETING_VERSION = 1.0;
				PRODUCT_BUNDLE_IDENTIFIER = com.JJOOEE.BookSearch;
				PRODUCT_NAME = "$(TARGET_NAME)";
				SWIFT_EMIT_LOC_STRINGS = YES;
				SWIFT_VERSION = 5.0;
				TARGETED_DEVICE_FAMILY = "1,2";
			};
			name = Debug;
		};
		D6DC30B92C5B511C00068383 /* Release */ = {
			isa = XCBuildConfiguration;
			buildSettings = {
				ASSETCATALOG_COMPILER_APPICON_NAME = AppIcon;
				ASSETCATALOG_COMPILER_GLOBAL_ACCENT_COLOR_NAME = AccentColor;
				CODE_SIGN_STYLE = Automatic;
				CURRENT_PROJECT_VERSION = 1;
				DEVELOPMENT_TEAM = X88BZ99FPA;
				GENERATE_INFOPLIST_FILE = YES;
				INFOPLIST_FILE = BookSearch/Info.plist;
				INFOPLIST_KEY_UIApplicationSupportsIndirectInputEvents = YES;
				INFOPLIST_KEY_UILaunchStoryboardName = LaunchScreen;
				INFOPLIST_KEY_UISupportedInterfaceOrientations_iPad = "UIInterfaceOrientationPortrait UIInterfaceOrientationPortraitUpsideDown UIInterfaceOrientationLandscapeLeft UIInterfaceOrientationLandscapeRight";
				INFOPLIST_KEY_UISupportedInterfaceOrientations_iPhone = "UIInterfaceOrientationPortrait UIInterfaceOrientationLandscapeLeft UIInterfaceOrientationLandscapeRight";
				LD_RUNPATH_SEARCH_PATHS = (
					"$(inherited)",
					"@executable_path/Frameworks",
				);
				MARKETING_VERSION = 1.0;
				PRODUCT_BUNDLE_IDENTIFIER = com.JJOOEE.BookSearch;
				PRODUCT_NAME = "$(TARGET_NAME)";
				SWIFT_EMIT_LOC_STRINGS = YES;
				SWIFT_VERSION = 5.0;
				TARGETED_DEVICE_FAMILY = "1,2";
			};
			name = Release;
		};
		D6DC30BB2C5B511C00068383 /* Debug */ = {
			isa = XCBuildConfiguration;
			buildSettings = {
				ALWAYS_EMBED_SWIFT_STANDARD_LIBRARIES = YES;
				BUNDLE_LOADER = "$(TEST_HOST)";
				CODE_SIGN_STYLE = Automatic;
				CURRENT_PROJECT_VERSION = 1;
				DEVELOPMENT_TEAM = X88BZ99FPA;
				GENERATE_INFOPLIST_FILE = YES;
				IPHONEOS_DEPLOYMENT_TARGET = 17.5;
				MARKETING_VERSION = 1.0;
				PRODUCT_BUNDLE_IDENTIFIER = com.JJOOEE.BookSearchTests;
				PRODUCT_NAME = "$(TARGET_NAME)";
				SWIFT_EMIT_LOC_STRINGS = NO;
				SWIFT_VERSION = 5.0;
				TARGETED_DEVICE_FAMILY = "1,2";
				TEST_HOST = "$(BUILT_PRODUCTS_DIR)/BookSearch.app/$(BUNDLE_EXECUTABLE_FOLDER_PATH)/BookSearch";
			};
			name = Debug;
		};
		D6DC30BC2C5B511C00068383 /* Release */ = {
			isa = XCBuildConfiguration;
			buildSettings = {
				ALWAYS_EMBED_SWIFT_STANDARD_LIBRARIES = YES;
				BUNDLE_LOADER = "$(TEST_HOST)";
				CODE_SIGN_STYLE = Automatic;
				CURRENT_PROJECT_VERSION = 1;
				DEVELOPMENT_TEAM = X88BZ99FPA;
				GENERATE_INFOPLIST_FILE = YES;
				IPHONEOS_DEPLOYMENT_TARGET = 17.5;
				MARKETING_VERSION = 1.0;
				PRODUCT_BUNDLE_IDENTIFIER = com.JJOOEE.BookSearchTests;
				PRODUCT_NAME = "$(TARGET_NAME)";
				SWIFT_EMIT_LOC_STRINGS = NO;
				SWIFT_VERSION = 5.0;
				TARGETED_DEVICE_FAMILY = "1,2";
				TEST_HOST = "$(BUILT_PRODUCTS_DIR)/BookSearch.app/$(BUNDLE_EXECUTABLE_FOLDER_PATH)/BookSearch";
			};
			name = Release;
		};
		D6DC30BE2C5B511C00068383 /* Debug */ = {
			isa = XCBuildConfiguration;
			buildSettings = {
				ALWAYS_EMBED_SWIFT_STANDARD_LIBRARIES = YES;
				CODE_SIGN_STYLE = Automatic;
				CURRENT_PROJECT_VERSION = 1;
				DEVELOPMENT_TEAM = X88BZ99FPA;
				GENERATE_INFOPLIST_FILE = YES;
				MARKETING_VERSION = 1.0;
				PRODUCT_BUNDLE_IDENTIFIER = com.JJOOEE.BookSearchUITests;
				PRODUCT_NAME = "$(TARGET_NAME)";
				SWIFT_EMIT_LOC_STRINGS = NO;
				SWIFT_VERSION = 5.0;
				TARGETED_DEVICE_FAMILY = "1,2";
				TEST_TARGET_NAME = BookSearch;
			};
			name = Debug;
		};
		D6DC30BF2C5B511C00068383 /* Release */ = {
			isa = XCBuildConfiguration;
			buildSettings = {
				ALWAYS_EMBED_SWIFT_STANDARD_LIBRARIES = YES;
				CODE_SIGN_STYLE = Automatic;
				CURRENT_PROJECT_VERSION = 1;
				DEVELOPMENT_TEAM = X88BZ99FPA;
				GENERATE_INFOPLIST_FILE = YES;
				MARKETING_VERSION = 1.0;
				PRODUCT_BUNDLE_IDENTIFIER = com.JJOOEE.BookSearchUITests;
				PRODUCT_NAME = "$(TARGET_NAME)";
				SWIFT_EMIT_LOC_STRINGS = NO;
				SWIFT_VERSION = 5.0;
				TARGETED_DEVICE_FAMILY = "1,2";
				TEST_TARGET_NAME = BookSearch;
			};
			name = Release;
		};
/* End XCBuildConfiguration section */

/* Begin XCConfigurationList section */
		D6DC30882C5B511B00068383 /* Build configuration list for PBXProject "BookSearch" */ = {
			isa = XCConfigurationList;
			buildConfigurations = (
				D6DC30B52C5B511C00068383 /* Debug */,
				D6DC30B62C5B511C00068383 /* Release */,
			);
			defaultConfigurationIsVisible = 0;
			defaultConfigurationName = Release;
		};
		D6DC30B72C5B511C00068383 /* Build configuration list for PBXNativeTarget "BookSearch" */ = {
			isa = XCConfigurationList;
			buildConfigurations = (
				D6DC30B82C5B511C00068383 /* Debug */,
				D6DC30B92C5B511C00068383 /* Release */,
			);
			defaultConfigurationIsVisible = 0;
			defaultConfigurationName = Release;
		};
		D6DC30BA2C5B511C00068383 /* Build configuration list for PBXNativeTarget "BookSearchTests" */ = {
			isa = XCConfigurationList;
			buildConfigurations = (
				D6DC30BB2C5B511C00068383 /* Debug */,
				D6DC30BC2C5B511C00068383 /* Release */,
			);
			defaultConfigurationIsVisible = 0;
			defaultConfigurationName = Release;
		};
		D6DC30BD2C5B511C00068383 /* Build configuration list for PBXNativeTarget "BookSearchUITests" */ = {
			isa = XCConfigurationList;
			buildConfigurations = (
				D6DC30BE2C5B511C00068383 /* Debug */,
				D6DC30BF2C5B511C00068383 /* Release */,
			);
			defaultConfigurationIsVisible = 0;
			defaultConfigurationName = Release;
		};
/* End XCConfigurationList section */

/* Begin XCVersionGroup section */
		D6DC30962C5B511B00068383 /* BookSearch.xcdatamodeld */ = {
			isa = XCVersionGroup;
			children = (
				D6DC30972C5B511B00068383 /* BookSearch.xcdatamodel */,
			);
			currentVersion = D6DC30972C5B511B00068383 /* BookSearch.xcdatamodel */;
			path = BookSearch.xcdatamodeld;
			sourceTree = "<group>";
			versionGroupType = wrapper.xcdatamodel;
		};
/* End XCVersionGroup section */
	};
	rootObject = D6DC30852C5B511B00068383 /* Project object */;
}
